
Microsoft Visual Studio Solution File, Format Version 12.00
# Visual Studio Version 16
VisualStudioVersion = 16.0.32929.386
MinimumVisualStudioVersion = 10.0.40219.1
Project("{FAE04EC0-301F-11D3-BF4B-00C04F79EFBC}") = "GermanVaras_VectoresWindoLab", "GermanVaras_VectoresWindoLab\GermanVaras_VectoresWindoLab.csproj", "{B8674BF8-3DF6-4815-93F4-95ED1C3B43F7}"
EndProject
Global
	GlobalSection(SolutionConfigurationPlatforms) = preSolution
		Debug|Any CPU = Debug|Any CPU
		Release|Any CPU = Release|Any CPU
	EndGlobalSection
	GlobalSection(ProjectConfigurationPlatforms) = postSolution
		{B8674BF8-3DF6-4815-93F4-95ED1C3B43F7}.Debug|Any CPU.ActiveCfg = Debug|Any CPU
		{B8674BF8-3DF6-4815-93F4-95ED1C3B43F7}.Debug|Any CPU.Build.0 = Debug|Any CPU
		{B8674BF8-3DF6-4815-93F4-95ED1C3B43F7}.Release|Any CPU.ActiveCfg = Release|Any CPU
		{B8674BF8-3DF6-4815-93F4-95ED1C3B43F7}.Release|Any CPU.Build.0 = Release|Any CPU
	EndGlobalSection
	GlobalSection(SolutionProperties) = preSolution
		HideSolutionNode = FALSE
	EndGlobalSection
	GlobalSection(ExtensibilityGlobals) = postSolution
		SolutionGuid = {F35AF6F8-B4A5-4C33-910A-DEAB0D3729EF}
	EndGlobalSection
EndGlobal
