
Microsoft Visual Studio Solution File, Format Version 12.00
# Visual Studio Version 16
VisualStudioVersion = 16.0.32929.386
MinimumVisualStudioVersion = 10.0.40219.1
Project("{FAE04EC0-301F-11D3-BF4B-00C04F79EFBC}") = "WebMVCEjemplos", "WebMVCEjemplos\WebMVCEjemplos.csproj", "{A3AF7993-4260-4F1C-97C7-38514DCEFFAB}"
EndProject
Project("{FAE04EC0-301F-11D3-BF4B-00C04F79EFBC}") = "EntityFrameworkExample", "EntityFrameworkExample\EntityFrameworkExample.csproj", "{4ED6B5C5-0E9B-4719-9410-FE1FC763F364}"
EndProject
Global
	GlobalSection(SolutionConfigurationPlatforms) = preSolution
		Debug|Any CPU = Debug|Any CPU
		Release|Any CPU = Release|Any CPU
	EndGlobalSection
	GlobalSection(ProjectConfigurationPlatforms) = postSolution
		{A3AF7993-4260-4F1C-97C7-38514DCEFFAB}.Debug|Any CPU.ActiveCfg = Debug|Any CPU
		{A3AF7993-4260-4F1C-97C7-38514DCEFFAB}.Debug|Any CPU.Build.0 = Debug|Any CPU
		{A3AF7993-4260-4F1C-97C7-38514DCEFFAB}.Release|Any CPU.ActiveCfg = Release|Any CPU
		{A3AF7993-4260-4F1C-97C7-38514DCEFFAB}.Release|Any CPU.Build.0 = Release|Any CPU
		{4ED6B5C5-0E9B-4719-9410-FE1FC763F364}.Debug|Any CPU.ActiveCfg = Debug|Any CPU
		{4ED6B5C5-0E9B-4719-9410-FE1FC763F364}.Debug|Any CPU.Build.0 = Debug|Any CPU
		{4ED6B5C5-0E9B-4719-9410-FE1FC763F364}.Release|Any CPU.ActiveCfg = Release|Any CPU
		{4ED6B5C5-0E9B-4719-9410-FE1FC763F364}.Release|Any CPU.Build.0 = Release|Any CPU
	EndGlobalSection
	GlobalSection(SolutionProperties) = preSolution
		HideSolutionNode = FALSE
	EndGlobalSection
	GlobalSection(ExtensibilityGlobals) = postSolution
		SolutionGuid = {F9EEFA61-7F28-40D2-80AC-FD2F4809421C}
	EndGlobalSection
EndGlobal
