
Microsoft Visual Studio Solution File, Format Version 12.00
# Visual Studio Version 16
VisualStudioVersion = 16.0.32929.386
MinimumVisualStudioVersion = 10.0.40219.1
Project("{FAE04EC0-301F-11D3-BF4B-00C04F79EFBC}") = "WindowsAppNorthwind", "WindowsAppNorthwind\WindowsAppNorthwind.csproj", "{D2F15347-ACC0-46BC-948F-8357EE0FE232}"
EndProject
Project("{FAE04EC0-301F-11D3-BF4B-00C04F79EFBC}") = "WindowsAppPubs", "WindowsAppPubs\WindowsAppPubs.csproj", "{CDFD4CFA-AC51-4EA6-B701-9E55668EDAED}"
EndProject
Global
	GlobalSection(SolutionConfigurationPlatforms) = preSolution
		Debug|Any CPU = Debug|Any CPU
		Release|Any CPU = Release|Any CPU
	EndGlobalSection
	GlobalSection(ProjectConfigurationPlatforms) = postSolution
		{D2F15347-ACC0-46BC-948F-8357EE0FE232}.Debug|Any CPU.ActiveCfg = Debug|Any CPU
		{D2F15347-ACC0-46BC-948F-8357EE0FE232}.Debug|Any CPU.Build.0 = Debug|Any CPU
		{D2F15347-ACC0-46BC-948F-8357EE0FE232}.Release|Any CPU.ActiveCfg = Release|Any CPU
		{D2F15347-ACC0-46BC-948F-8357EE0FE232}.Release|Any CPU.Build.0 = Release|Any CPU
		{CDFD4CFA-AC51-4EA6-B701-9E55668EDAED}.Debug|Any CPU.ActiveCfg = Debug|Any CPU
		{CDFD4CFA-AC51-4EA6-B701-9E55668EDAED}.Debug|Any CPU.Build.0 = Debug|Any CPU
		{CDFD4CFA-AC51-4EA6-B701-9E55668EDAED}.Release|Any CPU.ActiveCfg = Release|Any CPU
		{CDFD4CFA-AC51-4EA6-B701-9E55668EDAED}.Release|Any CPU.Build.0 = Release|Any CPU
	EndGlobalSection
	GlobalSection(SolutionProperties) = preSolution
		HideSolutionNode = FALSE
	EndGlobalSection
	GlobalSection(ExtensibilityGlobals) = postSolution
		SolutionGuid = {75A3197C-5C6E-4579-BF08-EA48FB00AD95}
	EndGlobalSection
EndGlobal
