
Microsoft Visual Studio Solution File, Format Version 12.00
# Visual Studio Version 16
VisualStudioVersion = 16.0.32929.386
MinimumVisualStudioVersion = 10.0.40219.1
Project("{FAE04EC0-301F-11D3-BF4B-00C04F79EFBC}") = "SistemaWebEmpleado", "SistemaWebEmpleado\SistemaWebEmpleado.csproj", "{2492342F-C228-428C-9A27-3AD390B8316C}"
EndProject
Global
	GlobalSection(SolutionConfigurationPlatforms) = preSolution
		Debug|Any CPU = Debug|Any CPU
		Release|Any CPU = Release|Any CPU
	EndGlobalSection
	GlobalSection(ProjectConfigurationPlatforms) = postSolution
		{2492342F-C228-428C-9A27-3AD390B8316C}.Debug|Any CPU.ActiveCfg = Debug|Any CPU
		{2492342F-C228-428C-9A27-3AD390B8316C}.Debug|Any CPU.Build.0 = Debug|Any CPU
		{2492342F-C228-428C-9A27-3AD390B8316C}.Release|Any CPU.ActiveCfg = Release|Any CPU
		{2492342F-C228-428C-9A27-3AD390B8316C}.Release|Any CPU.Build.0 = Release|Any CPU
	EndGlobalSection
	GlobalSection(SolutionProperties) = preSolution
		HideSolutionNode = FALSE
	EndGlobalSection
	GlobalSection(ExtensibilityGlobals) = postSolution
		SolutionGuid = {92681D56-CE6B-43F2-9F9F-27B1A215CF42}
	EndGlobalSection
EndGlobal
